// !$*UTF8*$!
{
	archiveVersion = 1;
	classes = {
	};
	objectVersion = 51;
	objects = {

/* Begin PBXBuildFile section */
		400CFA0A265932CF0080CB1B /* AppDelegate.swift in Sources */ = {isa = PBXBuildFile; fileRef = 400CFA09265932CF0080CB1B /* AppDelegate.swift */; };
		400CFA0C265932CF0080CB1B /* SceneDelegate.swift in Sources */ = {isa = PBXBuildFile; fileRef = 400CFA0B265932CF0080CB1B /* SceneDelegate.swift */; };
		400CFA13265932D10080CB1B /* Assets.xcassets in Resources */ = {isa = PBXBuildFile; fileRef = 400CFA12265932D10080CB1B /* Assets.xcassets */; };
		400CFA16265932D10080CB1B /* LaunchScreen.storyboard in Resources */ = {isa = PBXBuildFile; fileRef = 400CFA14265932D10080CB1B /* LaunchScreen.storyboard */; };
		4039176A2659416F00BF2C6F /* HomeViewController.swift in Sources */ = {isa = PBXBuildFile; fileRef = 403917692659416F00BF2C6F /* HomeViewController.swift */; };
		4039176E265941B000BF2C6F /* Home.storyboard in Resources */ = {isa = PBXBuildFile; fileRef = 4039176D265941B000BF2C6F /* Home.storyboard */; };
		403917752659447300BF2C6F /* WritingViewController.swift in Sources */ = {isa = PBXBuildFile; fileRef = 403917742659447300BF2C6F /* WritingViewController.swift */; };
		403917782659448000BF2C6F /* Writing.storyboard in Resources */ = {isa = PBXBuildFile; fileRef = 403917772659448000BF2C6F /* Writing.storyboard */; };
		4039177B265944CC00BF2C6F /* King.storyboard in Resources */ = {isa = PBXBuildFile; fileRef = 4039177A265944CC00BF2C6F /* King.storyboard */; };
		4039177E265944D500BF2C6F /* KingViewController.swift in Sources */ = {isa = PBXBuildFile; fileRef = 4039177D265944D500BF2C6F /* KingViewController.swift */; };
		403917812659450A00BF2C6F /* MyPageViewController.swift in Sources */ = {isa = PBXBuildFile; fileRef = 403917802659450A00BF2C6F /* MyPageViewController.swift */; };
		403917842659451100BF2C6F /* MyPage.storyboard in Resources */ = {isa = PBXBuildFile; fileRef = 403917832659451100BF2C6F /* MyPage.storyboard */; };
		403917872659462100BF2C6F /* MainTabBarController.swift in Sources */ = {isa = PBXBuildFile; fileRef = 403917862659462100BF2C6F /* MainTabBarController.swift */; };
		4039178E265947D200BF2C6F /* Main.storyboard in Resources */ = {isa = PBXBuildFile; fileRef = 403917712659434900BF2C6F /* Main.storyboard */; };
		4058242726593B5B00845A48 /* Login.storyboard in Resources */ = {isa = PBXBuildFile; fileRef = 4058242626593B5B00845A48 /* Login.storyboard */; };
		4058242B26593BAB00845A48 /* LoginViewController.swift in Sources */ = {isa = PBXBuildFile; fileRef = 4058242A26593BAB00845A48 /* LoginViewController.swift */; };
		5601F4C72F3894872F74A14A /* Pods_SOPKATHON_Kick.framework in Frameworks */ = {isa = PBXBuildFile; fileRef = 49F03FBAA0C8B548BCAF5943 /* Pods_SOPKATHON_Kick.framework */; };
		BB3577F826595FD10031961F /* KingTableCell.swift in Sources */ = {isa = PBXBuildFile; fileRef = BB3577F726595FD10031961F /* KingTableCell.swift */; };
		BB3577FF265961460031961F /* KingDataModel.swift in Sources */ = {isa = PBXBuildFile; fileRef = BB3577FE265961460031961F /* KingDataModel.swift */; };
		BB357807265969230031961F /* KingHeaderView.swift in Sources */ = {isa = PBXBuildFile; fileRef = BB357806265969230031961F /* KingHeaderView.swift */; };
		BB35780B265973CC0031961F /* NavigationBar.swift in Sources */ = {isa = PBXBuildFile; fileRef = BB35780A265973CC0031961F /* NavigationBar.swift */; };
/* End PBXBuildFile section */

/* Begin PBXFileReference section */
		400CFA06265932CF0080CB1B /* SOPKATHON_Kick.app */ = {isa = PBXFileReference; explicitFileType = wrapper.application; includeInIndex = 0; path = SOPKATHON_Kick.app; sourceTree = BUILT_PRODUCTS_DIR; };
		400CFA09265932CF0080CB1B /* AppDelegate.swift */ = {isa = PBXFileReference; lastKnownFileType = sourcecode.swift; path = AppDelegate.swift; sourceTree = "<group>"; };
		400CFA0B265932CF0080CB1B /* SceneDelegate.swift */ = {isa = PBXFileReference; lastKnownFileType = sourcecode.swift; path = SceneDelegate.swift; sourceTree = "<group>"; };
		400CFA12265932D10080CB1B /* Assets.xcassets */ = {isa = PBXFileReference; lastKnownFileType = folder.assetcatalog; path = Assets.xcassets; sourceTree = "<group>"; };
		400CFA15265932D10080CB1B /* Base */ = {isa = PBXFileReference; lastKnownFileType = file.storyboard; name = Base; path = Base.lproj/LaunchScreen.storyboard; sourceTree = "<group>"; };
		400CFA17265932D10080CB1B /* Info.plist */ = {isa = PBXFileReference; lastKnownFileType = text.plist.xml; path = Info.plist; sourceTree = "<group>"; };
		403917692659416F00BF2C6F /* HomeViewController.swift */ = {isa = PBXFileReference; lastKnownFileType = sourcecode.swift; path = HomeViewController.swift; sourceTree = "<group>"; };
		4039176D265941B000BF2C6F /* Home.storyboard */ = {isa = PBXFileReference; lastKnownFileType = file.storyboard; path = Home.storyboard; sourceTree = "<group>"; };
		403917712659434900BF2C6F /* Main.storyboard */ = {isa = PBXFileReference; lastKnownFileType = file.storyboard; path = Main.storyboard; sourceTree = "<group>"; };
		403917742659447300BF2C6F /* WritingViewController.swift */ = {isa = PBXFileReference; lastKnownFileType = sourcecode.swift; path = WritingViewController.swift; sourceTree = "<group>"; };
		403917772659448000BF2C6F /* Writing.storyboard */ = {isa = PBXFileReference; lastKnownFileType = file.storyboard; path = Writing.storyboard; sourceTree = "<group>"; };
		4039177A265944CC00BF2C6F /* King.storyboard */ = {isa = PBXFileReference; lastKnownFileType = file.storyboard; path = King.storyboard; sourceTree = "<group>"; };
		4039177D265944D500BF2C6F /* KingViewController.swift */ = {isa = PBXFileReference; lastKnownFileType = sourcecode.swift; path = KingViewController.swift; sourceTree = "<group>"; };
		403917802659450A00BF2C6F /* MyPageViewController.swift */ = {isa = PBXFileReference; lastKnownFileType = sourcecode.swift; path = MyPageViewController.swift; sourceTree = "<group>"; };
		403917832659451100BF2C6F /* MyPage.storyboard */ = {isa = PBXFileReference; lastKnownFileType = file.storyboard; path = MyPage.storyboard; sourceTree = "<group>"; };
		403917862659462100BF2C6F /* MainTabBarController.swift */ = {isa = PBXFileReference; lastKnownFileType = sourcecode.swift; path = MainTabBarController.swift; sourceTree = "<group>"; };
		4058242626593B5B00845A48 /* Login.storyboard */ = {isa = PBXFileReference; lastKnownFileType = file.storyboard; path = Login.storyboard; sourceTree = "<group>"; };
		4058242A26593BAB00845A48 /* LoginViewController.swift */ = {isa = PBXFileReference; lastKnownFileType = sourcecode.swift; path = LoginViewController.swift; sourceTree = "<group>"; };
		49F03FBAA0C8B548BCAF5943 /* Pods_SOPKATHON_Kick.framework */ = {isa = PBXFileReference; explicitFileType = wrapper.framework; includeInIndex = 0; path = Pods_SOPKATHON_Kick.framework; sourceTree = BUILT_PRODUCTS_DIR; };
		BB3577F726595FD10031961F /* KingTableCell.swift */ = {isa = PBXFileReference; lastKnownFileType = sourcecode.swift; path = KingTableCell.swift; sourceTree = "<group>"; };
		BB3577FE265961460031961F /* KingDataModel.swift */ = {isa = PBXFileReference; lastKnownFileType = sourcecode.swift; path = KingDataModel.swift; sourceTree = "<group>"; };
		BB357806265969230031961F /* KingHeaderView.swift */ = {isa = PBXFileReference; lastKnownFileType = sourcecode.swift; path = KingHeaderView.swift; sourceTree = "<group>"; };
		BB35780A265973CC0031961F /* NavigationBar.swift */ = {isa = PBXFileReference; lastKnownFileType = sourcecode.swift; name = NavigationBar.swift; path = VC/NavigationBar.swift; sourceTree = "<group>"; };
		FA81244F86E24D2DAFA2C3D9 /* Pods-SOPKATHON_Kick.release.xcconfig */ = {isa = PBXFileReference; includeInIndex = 1; lastKnownFileType = text.xcconfig; name = "Pods-SOPKATHON_Kick.release.xcconfig"; path = "Target Support Files/Pods-SOPKATHON_Kick/Pods-SOPKATHON_Kick.release.xcconfig"; sourceTree = "<group>"; };
		FF8A74EE6ADFCE2FEB2CB831 /* Pods-SOPKATHON_Kick.debug.xcconfig */ = {isa = PBXFileReference; includeInIndex = 1; lastKnownFileType = text.xcconfig; name = "Pods-SOPKATHON_Kick.debug.xcconfig"; path = "Target Support Files/Pods-SOPKATHON_Kick/Pods-SOPKATHON_Kick.debug.xcconfig"; sourceTree = "<group>"; };
/* End PBXFileReference section */

/* Begin PBXFrameworksBuildPhase section */
		400CFA03265932CF0080CB1B /* Frameworks */ = {
			isa = PBXFrameworksBuildPhase;
			buildActionMask = 2147483647;
			files = (
				5601F4C72F3894872F74A14A /* Pods_SOPKATHON_Kick.framework in Frameworks */,
			);
			runOnlyForDeploymentPostprocessing = 0;
		};
/* End PBXFrameworksBuildPhase section */

/* Begin PBXGroup section */
		400CF9FD265932CF0080CB1B = {
			isa = PBXGroup;
			children = (
				400CFA08265932CF0080CB1B /* SOPKATHON_Kick */,
				400CFA07265932CF0080CB1B /* Products */,
				7476745A01D2EAECE836D67A /* Pods */,
				7B0181038D825517EDFD4354 /* Frameworks */,
			);
			sourceTree = "<group>";
		};
		400CFA07265932CF0080CB1B /* Products */ = {
			isa = PBXGroup;
			children = (
				400CFA06265932CF0080CB1B /* SOPKATHON_Kick.app */,
			);
			name = Products;
			sourceTree = "<group>";
		};
		400CFA08265932CF0080CB1B /* SOPKATHON_Kick */ = {
			isa = PBXGroup;
			children = (
				4058241F26593AA600845A48 /* Sources */,
				4058241E26593A8A00845A48 /* Resources */,
				4058241D265939C700845A48 /* Application */,
				400CFA17265932D10080CB1B /* Info.plist */,
			);
			path = SOPKATHON_Kick;
			sourceTree = "<group>";
		};
		4058241D265939C700845A48 /* Application */ = {
			isa = PBXGroup;
			children = (
				400CFA14265932D10080CB1B /* LaunchScreen.storyboard */,
				400CFA09265932CF0080CB1B /* AppDelegate.swift */,
				400CFA0B265932CF0080CB1B /* SceneDelegate.swift */,
			);
			path = Application;
			sourceTree = "<group>";
		};
		4058241E26593A8A00845A48 /* Resources */ = {
			isa = PBXGroup;
			children = (
				400CFA12265932D10080CB1B /* Assets.xcassets */,
			);
			path = Resources;
			sourceTree = "<group>";
		};
		4058241F26593AA600845A48 /* Sources */ = {
			isa = PBXGroup;
			children = (
				4058242526593B2900845A48 /* Detail */,
				4058242426593B1F00845A48 /* MyPage */,
				4058242326593B1200845A48 /* Writing */,
				4058242226593ADE00845A48 /* King */,
				4058242126593AD600845A48 /* Home */,
				4058242026593AD000845A48 /* Login */,
			);
			path = Sources;
			sourceTree = "<group>";
		};
		4058242026593AD000845A48 /* Login */ = {
			isa = PBXGroup;
			children = (
				4058242626593B5B00845A48 /* Login.storyboard */,
				4058242A26593BAB00845A48 /* LoginViewController.swift */,
			);
			path = Login;
			sourceTree = "<group>";
		};
		4058242126593AD600845A48 /* Home */ = {
			isa = PBXGroup;
			children = (
				403917692659416F00BF2C6F /* HomeViewController.swift */,
				4039176D265941B000BF2C6F /* Home.storyboard */,
				403917712659434900BF2C6F /* Main.storyboard */,
				403917862659462100BF2C6F /* MainTabBarController.swift */,
			);
			path = Home;
			sourceTree = "<group>";
		};
		4058242226593ADE00845A48 /* King */ = {
			isa = PBXGroup;
			children = (
				BB357806265969230031961F /* KingHeaderView.swift */,
				BB35780A265973CC0031961F /* NavigationBar.swift */,
				BB35780E265976E70031961F /* Storyboard */,
				BB3577FD265961390031961F /* Model */,
				BB3577FB265960050031961F /* VC */,
				BB3577FA26595FD80031961F /* Cell */,
			);
			path = King;
			sourceTree = "<group>";
		};
		4058242326593B1200845A48 /* Writing */ = {
			isa = PBXGroup;
			children = (
				403917742659447300BF2C6F /* WritingViewController.swift */,
				403917772659448000BF2C6F /* Writing.storyboard */,
			);
			path = Writing;
			sourceTree = "<group>";
		};
		4058242426593B1F00845A48 /* MyPage */ = {
			isa = PBXGroup;
			children = (
				403917802659450A00BF2C6F /* MyPageViewController.swift */,
				403917832659451100BF2C6F /* MyPage.storyboard */,
			);
			path = MyPage;
			sourceTree = "<group>";
		};
		4058242526593B2900845A48 /* Detail */ = {
			isa = PBXGroup;
			children = (
			);
			path = Detail;
			sourceTree = "<group>";
		};
		7476745A01D2EAECE836D67A /* Pods */ = {
			isa = PBXGroup;
			children = (
				FF8A74EE6ADFCE2FEB2CB831 /* Pods-SOPKATHON_Kick.debug.xcconfig */,
				FA81244F86E24D2DAFA2C3D9 /* Pods-SOPKATHON_Kick.release.xcconfig */,
			);
			path = Pods;
			sourceTree = "<group>";
		};
		7B0181038D825517EDFD4354 /* Frameworks */ = {
			isa = PBXGroup;
			children = (
				49F03FBAA0C8B548BCAF5943 /* Pods_SOPKATHON_Kick.framework */,
			);
			name = Frameworks;
			sourceTree = "<group>";
		};
		BB3577FA26595FD80031961F /* Cell */ = {
			isa = PBXGroup;
			children = (
				BB3577F726595FD10031961F /* KingTableCell.swift */,
			);
			path = Cell;
			sourceTree = "<group>";
		};
		BB3577FB265960050031961F /* VC */ = {
			isa = PBXGroup;
			children = (
				4039177D265944D500BF2C6F /* KingViewController.swift */,
			);
			path = VC;
			sourceTree = "<group>";
		};
		BB3577FD265961390031961F /* Model */ = {
			isa = PBXGroup;
			children = (
				BB3577FE265961460031961F /* KingDataModel.swift */,
			);
			path = Model;
			sourceTree = "<group>";
		};
		BB35780E265976E70031961F /* Storyboard */ = {
			isa = PBXGroup;
			children = (
				4039177A265944CC00BF2C6F /* King.storyboard */,
			);
			path = Storyboard;
			sourceTree = "<group>";
		};
/* End PBXGroup section */

/* Begin PBXNativeTarget section */
		400CFA05265932CF0080CB1B /* SOPKATHON_Kick */ = {
			isa = PBXNativeTarget;
			buildConfigurationList = 400CFA1A265932D10080CB1B /* Build configuration list for PBXNativeTarget "SOPKATHON_Kick" */;
			buildPhases = (
				A4D977573A815AAC2FB42408 /* [CP] Check Pods Manifest.lock */,
				400CFA02265932CF0080CB1B /* Sources */,
				400CFA03265932CF0080CB1B /* Frameworks */,
				400CFA04265932CF0080CB1B /* Resources */,
				E7275F3892353348E087FCC3 /* [CP] Embed Pods Frameworks */,
			);
			buildRules = (
			);
			dependencies = (
			);
			name = SOPKATHON_Kick;
			productName = SOPKATHON_Kick;
			productReference = 400CFA06265932CF0080CB1B /* SOPKATHON_Kick.app */;
			productType = "com.apple.product-type.application";
		};
/* End PBXNativeTarget section */

/* Begin PBXProject section */
		400CF9FE265932CF0080CB1B /* Project object */ = {
			isa = PBXProject;
			attributes = {
				LastSwiftUpdateCheck = 1240;
				LastUpgradeCheck = 1240;
				TargetAttributes = {
					400CFA05265932CF0080CB1B = {
						CreatedOnToolsVersion = 12.4;
					};
				};
			};
			buildConfigurationList = 400CFA01265932CF0080CB1B /* Build configuration list for PBXProject "SOPKATHON_Kick" */;
			compatibilityVersion = "Xcode 9.3";
			developmentRegion = en;
			hasScannedForEncodings = 0;
			knownRegions = (
				en,
				Base,
			);
			mainGroup = 400CF9FD265932CF0080CB1B;
			productRefGroup = 400CFA07265932CF0080CB1B /* Products */;
			projectDirPath = "";
			projectRoot = "";
			targets = (
				400CFA05265932CF0080CB1B /* SOPKATHON_Kick */,
			);
		};
/* End PBXProject section */

/* Begin PBXResourcesBuildPhase section */
		400CFA04265932CF0080CB1B /* Resources */ = {
			isa = PBXResourcesBuildPhase;
			buildActionMask = 2147483647;
			files = (
				4058242726593B5B00845A48 /* Login.storyboard in Resources */,
				4039177B265944CC00BF2C6F /* King.storyboard in Resources */,
				403917782659448000BF2C6F /* Writing.storyboard in Resources */,
				4039178E265947D200BF2C6F /* Main.storyboard in Resources */,
				403917842659451100BF2C6F /* MyPage.storyboard in Resources */,
				4039176E265941B000BF2C6F /* Home.storyboard in Resources */,
				400CFA16265932D10080CB1B /* LaunchScreen.storyboard in Resources */,
				400CFA13265932D10080CB1B /* Assets.xcassets in Resources */,
			);
			runOnlyForDeploymentPostprocessing = 0;
		};
/* End PBXResourcesBuildPhase section */

/* Begin PBXShellScriptBuildPhase section */
		A4D977573A815AAC2FB42408 /* [CP] Check Pods Manifest.lock */ = {
			isa = PBXShellScriptBuildPhase;
			buildActionMask = 2147483647;
			files = (
			);
			inputFileListPaths = (
			);
			inputPaths = (
				"${PODS_PODFILE_DIR_PATH}/Podfile.lock",
				"${PODS_ROOT}/Manifest.lock",
			);
			name = "[CP] Check Pods Manifest.lock";
			outputFileListPaths = (
			);
			outputPaths = (
				"$(DERIVED_FILE_DIR)/Pods-SOPKATHON_Kick-checkManifestLockResult.txt",
			);
			runOnlyForDeploymentPostprocessing = 0;
			shellPath = /bin/sh;
			shellScript = "diff \"${PODS_PODFILE_DIR_PATH}/Podfile.lock\" \"${PODS_ROOT}/Manifest.lock\" > /dev/null\nif [ $? != 0 ] ; then\n    # print error to STDERR\n    echo \"error: The sandbox is not in sync with the Podfile.lock. Run 'pod install' or update your CocoaPods installation.\" >&2\n    exit 1\nfi\n# This output is used by Xcode 'outputs' to avoid re-running this script phase.\necho \"SUCCESS\" > \"${SCRIPT_OUTPUT_FILE_0}\"\n";
			showEnvVarsInLog = 0;
		};
		E7275F3892353348E087FCC3 /* [CP] Embed Pods Frameworks */ = {
			isa = PBXShellScriptBuildPhase;
			buildActionMask = 2147483647;
			files = (
			);
			inputFileListPaths = (
				"${PODS_ROOT}/Target Support Files/Pods-SOPKATHON_Kick/Pods-SOPKATHON_Kick-frameworks-${CONFIGURATION}-input-files.xcfilelist",
			);
			name = "[CP] Embed Pods Frameworks";
			outputFileListPaths = (
				"${PODS_ROOT}/Target Support Files/Pods-SOPKATHON_Kick/Pods-SOPKATHON_Kick-frameworks-${CONFIGURATION}-output-files.xcfilelist",
			);
			runOnlyForDeploymentPostprocessing = 0;
			shellPath = /bin/sh;
			shellScript = "\"${PODS_ROOT}/Target Support Files/Pods-SOPKATHON_Kick/Pods-SOPKATHON_Kick-frameworks.sh\"\n";
			showEnvVarsInLog = 0;
		};
/* End PBXShellScriptBuildPhase section */

/* Begin PBXSourcesBuildPhase section */
		400CFA02265932CF0080CB1B /* Sources */ = {
			isa = PBXSourcesBuildPhase;
			buildActionMask = 2147483647;
			files = (
				403917752659447300BF2C6F /* WritingViewController.swift in Sources */,
				4058242B26593BAB00845A48 /* LoginViewController.swift in Sources */,
				403917872659462100BF2C6F /* MainTabBarController.swift in Sources */,
				403917812659450A00BF2C6F /* MyPageViewController.swift in Sources */,
				400CFA0A265932CF0080CB1B /* AppDelegate.swift in Sources */,
				400CFA0C265932CF0080CB1B /* SceneDelegate.swift in Sources */,
				4039176A2659416F00BF2C6F /* HomeViewController.swift in Sources */,
				BB357807265969230031961F /* KingHeaderView.swift in Sources */,
				4039177E265944D500BF2C6F /* KingViewController.swift in Sources */,
				BB3577FF265961460031961F /* KingDataModel.swift in Sources */,
				BB3577F826595FD10031961F /* KingTableCell.swift in Sources */,
				BB35780B265973CC0031961F /* NavigationBar.swift in Sources */,
			);
			runOnlyForDeploymentPostprocessing = 0;
		};
/* End PBXSourcesBuildPhase section */

/* Begin PBXVariantGroup section */
		400CFA14265932D10080CB1B /* LaunchScreen.storyboard */ = {
			isa = PBXVariantGroup;
			children = (
				400CFA15265932D10080CB1B /* Base */,
			);
			name = LaunchScreen.storyboard;
			sourceTree = "<group>";
		};
/* End PBXVariantGroup section */

/* Begin XCBuildConfiguration section */
		400CFA18265932D10080CB1B /* Debug */ = {
			isa = XCBuildConfiguration;
			buildSettings = {
				ALWAYS_SEARCH_USER_PATHS = NO;
				CLANG_ANALYZER_NONNULL = YES;
				CLANG_ANALYZER_NUMBER_OBJECT_CONVERSION = YES_AGGRESSIVE;
				CLANG_CXX_LANGUAGE_STANDARD = "gnu++14";
				CLANG_CXX_LIBRARY = "libc++";
				CLANG_ENABLE_MODULES = YES;
				CLANG_ENABLE_OBJC_ARC = YES;
				CLANG_ENABLE_OBJC_WEAK = YES;
				CLANG_WARN_BLOCK_CAPTURE_AUTORELEASING = YES;
				CLANG_WARN_BOOL_CONVERSION = YES;
				CLANG_WARN_COMMA = YES;
				CLANG_WARN_CONSTANT_CONVERSION = YES;
				CLANG_WARN_DEPRECATED_OBJC_IMPLEMENTATIONS = YES;
				CLANG_WARN_DIRECT_OBJC_ISA_USAGE = YES_ERROR;
				CLANG_WARN_DOCUMENTATION_COMMENTS = YES;
				CLANG_WARN_EMPTY_BODY = YES;
				CLANG_WARN_ENUM_CONVERSION = YES;
				CLANG_WARN_INFINITE_RECURSION = YES;
				CLANG_WARN_INT_CONVERSION = YES;
				CLANG_WARN_NON_LITERAL_NULL_CONVERSION = YES;
				CLANG_WARN_OBJC_IMPLICIT_RETAIN_SELF = YES;
				CLANG_WARN_OBJC_LITERAL_CONVERSION = YES;
				CLANG_WARN_OBJC_ROOT_CLASS = YES_ERROR;
				CLANG_WARN_QUOTED_INCLUDE_IN_FRAMEWORK_HEADER = YES;
				CLANG_WARN_RANGE_LOOP_ANALYSIS = YES;
				CLANG_WARN_STRICT_PROTOTYPES = YES;
				CLANG_WARN_SUSPICIOUS_MOVE = YES;
				CLANG_WARN_UNGUARDED_AVAILABILITY = YES_AGGRESSIVE;
				CLANG_WARN_UNREACHABLE_CODE = YES;
				CLANG_WARN__DUPLICATE_METHOD_MATCH = YES;
				COPY_PHASE_STRIP = NO;
				DEBUG_INFORMATION_FORMAT = dwarf;
				ENABLE_STRICT_OBJC_MSGSEND = YES;
				ENABLE_TESTABILITY = YES;
				GCC_C_LANGUAGE_STANDARD = gnu11;
				GCC_DYNAMIC_NO_PIC = NO;
				GCC_NO_COMMON_BLOCKS = YES;
				GCC_OPTIMIZATION_LEVEL = 0;
				GCC_PREPROCESSOR_DEFINITIONS = (
					"DEBUG=1",
					"$(inherited)",
				);
				GCC_WARN_64_TO_32_BIT_CONVERSION = YES;
				GCC_WARN_ABOUT_RETURN_TYPE = YES_ERROR;
				GCC_WARN_UNDECLARED_SELECTOR = YES;
				GCC_WARN_UNINITIALIZED_AUTOS = YES_AGGRESSIVE;
				GCC_WARN_UNUSED_FUNCTION = YES;
				GCC_WARN_UNUSED_VARIABLE = YES;
				IPHONEOS_DEPLOYMENT_TARGET = 14.4;
				MTL_ENABLE_DEBUG_INFO = INCLUDE_SOURCE;
				MTL_FAST_MATH = YES;
				ONLY_ACTIVE_ARCH = YES;
				SDKROOT = iphoneos;
				SWIFT_ACTIVE_COMPILATION_CONDITIONS = DEBUG;
				SWIFT_OPTIMIZATION_LEVEL = "-Onone";
			};
			name = Debug;
		};
		400CFA19265932D10080CB1B /* Release */ = {
			isa = XCBuildConfiguration;
			buildSettings = {
				ALWAYS_SEARCH_USER_PATHS = NO;
				CLANG_ANALYZER_NONNULL = YES;
				CLANG_ANALYZER_NUMBER_OBJECT_CONVERSION = YES_AGGRESSIVE;
				CLANG_CXX_LANGUAGE_STANDARD = "gnu++14";
				CLANG_CXX_LIBRARY = "libc++";
				CLANG_ENABLE_MODULES = YES;
				CLANG_ENABLE_OBJC_ARC = YES;
				CLANG_ENABLE_OBJC_WEAK = YES;
				CLANG_WARN_BLOCK_CAPTURE_AUTORELEASING = YES;
				CLANG_WARN_BOOL_CONVERSION = YES;
				CLANG_WARN_COMMA = YES;
				CLANG_WARN_CONSTANT_CONVERSION = YES;
				CLANG_WARN_DEPRECATED_OBJC_IMPLEMENTATIONS = YES;
				CLANG_WARN_DIRECT_OBJC_ISA_USAGE = YES_ERROR;
				CLANG_WARN_DOCUMENTATION_COMMENTS = YES;
				CLANG_WARN_EMPTY_BODY = YES;
				CLANG_WARN_ENUM_CONVERSION = YES;
				CLANG_WARN_INFINITE_RECURSION = YES;
				CLANG_WARN_INT_CONVERSION = YES;
				CLANG_WARN_NON_LITERAL_NULL_CONVERSION = YES;
				CLANG_WARN_OBJC_IMPLICIT_RETAIN_SELF = YES;
				CLANG_WARN_OBJC_LITERAL_CONVERSION = YES;
				CLANG_WARN_OBJC_ROOT_CLASS = YES_ERROR;
				CLANG_WARN_QUOTED_INCLUDE_IN_FRAMEWORK_HEADER = YES;
				CLANG_WARN_RANGE_LOOP_ANALYSIS = YES;
				CLANG_WARN_STRICT_PROTOTYPES = YES;
				CLANG_WARN_SUSPICIOUS_MOVE = YES;
				CLANG_WARN_UNGUARDED_AVAILABILITY = YES_AGGRESSIVE;
				CLANG_WARN_UNREACHABLE_CODE = YES;
				CLANG_WARN__DUPLICATE_METHOD_MATCH = YES;
				COPY_PHASE_STRIP = NO;
				DEBUG_INFORMATION_FORMAT = "dwarf-with-dsym";
				ENABLE_NS_ASSERTIONS = NO;
				ENABLE_STRICT_OBJC_MSGSEND = YES;
				GCC_C_LANGUAGE_STANDARD = gnu11;
				GCC_NO_COMMON_BLOCKS = YES;
				GCC_WARN_64_TO_32_BIT_CONVERSION = YES;
				GCC_WARN_ABOUT_RETURN_TYPE = YES_ERROR;
				GCC_WARN_UNDECLARED_SELECTOR = YES;
				GCC_WARN_UNINITIALIZED_AUTOS = YES_AGGRESSIVE;
				GCC_WARN_UNUSED_FUNCTION = YES;
				GCC_WARN_UNUSED_VARIABLE = YES;
				IPHONEOS_DEPLOYMENT_TARGET = 14.4;
				MTL_ENABLE_DEBUG_INFO = NO;
				MTL_FAST_MATH = YES;
				SDKROOT = iphoneos;
				SWIFT_COMPILATION_MODE = wholemodule;
				SWIFT_OPTIMIZATION_LEVEL = "-O";
				VALIDATE_PRODUCT = YES;
			};
			name = Release;
		};
		400CFA1B265932D10080CB1B /* Debug */ = {
			isa = XCBuildConfiguration;
			baseConfigurationReference = FF8A74EE6ADFCE2FEB2CB831 /* Pods-SOPKATHON_Kick.debug.xcconfig */;
			buildSettings = {
				ASSETCATALOG_COMPILER_APPICON_NAME = AppIcon;
				ASSETCATALOG_COMPILER_GLOBAL_ACCENT_COLOR_NAME = AccentColor;
				CODE_SIGN_STYLE = Automatic;
				DEVELOPMENT_TEAM = 3TAJ2UVSWN;
				INFOPLIST_FILE = SOPKATHON_Kick/Info.plist;
				IPHONEOS_DEPLOYMENT_TARGET = 13.0;
				LD_RUNPATH_SEARCH_PATHS = (
					"$(inherited)",
					"@executable_path/Frameworks",
				);
				PRODUCT_BUNDLE_IDENTIFIER = "com.SJHAN.SOPKATHON-Kick";
				PRODUCT_NAME = "$(TARGET_NAME)";
				SWIFT_VERSION = 5.0;
				TARGETED_DEVICE_FAMILY = "1,2";
			};
			name = Debug;
		};
		400CFA1C265932D10080CB1B /* Release */ = {
			isa = XCBuildConfiguration;
			baseConfigurationReference = FA81244F86E24D2DAFA2C3D9 /* Pods-SOPKATHON_Kick.release.xcconfig */;
			buildSettings = {
				ASSETCATALOG_COMPILER_APPICON_NAME = AppIcon;
				ASSETCATALOG_COMPILER_GLOBAL_ACCENT_COLOR_NAME = AccentColor;
				CODE_SIGN_STYLE = Automatic;
				DEVELOPMENT_TEAM = 3TAJ2UVSWN;
				INFOPLIST_FILE = SOPKATHON_Kick/Info.plist;
				IPHONEOS_DEPLOYMENT_TARGET = 13.0;
				LD_RUNPATH_SEARCH_PATHS = (
					"$(inherited)",
					"@executable_path/Frameworks",
				);
				PRODUCT_BUNDLE_IDENTIFIER = "com.SJHAN.SOPKATHON-Kick";
				PRODUCT_NAME = "$(TARGET_NAME)";
				SWIFT_VERSION = 5.0;
				TARGETED_DEVICE_FAMILY = "1,2";
			};
			name = Release;
		};
/* End XCBuildConfiguration section */

/* Begin XCConfigurationList section */
		400CFA01265932CF0080CB1B /* Build configuration list for PBXProject "SOPKATHON_Kick" */ = {
			isa = XCConfigurationList;
			buildConfigurations = (
				400CFA18265932D10080CB1B /* Debug */,
				400CFA19265932D10080CB1B /* Release */,
			);
			defaultConfigurationIsVisible = 0;
			defaultConfigurationName = Release;
		};
		400CFA1A265932D10080CB1B /* Build configuration list for PBXNativeTarget "SOPKATHON_Kick" */ = {
			isa = XCConfigurationList;
			buildConfigurations = (
				400CFA1B265932D10080CB1B /* Debug */,
				400CFA1C265932D10080CB1B /* Release */,
			);
			defaultConfigurationIsVisible = 0;
			defaultConfigurationName = Release;
		};
/* End XCConfigurationList section */
	};
	rootObject = 400CF9FE265932CF0080CB1B /* Project object */;
}
